
Microsoft Visual Studio Solution File, Format Version 12.00
# Visual Studio 14
VisualStudioVersion = 14.0.25420.1
MinimumVisualStudioVersion = 10.0.40219.1
Project("{FAE04EC0-301F-11D3-BF4B-00C04F79EFBC}") = "truncate", "truncate\truncate.csproj", "{283CE0A0-3816-4207-8B38-08882F7C09A4}"
EndProject
Project("{FAE04EC0-301F-11D3-BF4B-00C04F79EFBC}") = "libtruncate", "libtruncate\libtruncate.csproj", "{87F79A23-009D-4730-877B-DC5E9AC66A1F}"
EndProject
Project("{FAE04EC0-301F-11D3-BF4B-00C04F79EFBC}") = "trucatetests", "trucatetests\trucatetests.csproj", "{AEA4A304-827A-4F63-B701-802C88D263F8}"
EndProject
Global
	GlobalSection(SolutionConfigurationPlatforms) = preSolution
		Debug|Any CPU = Debug|Any CPU
		Release|Any CPU = Release|Any CPU
	EndGlobalSection
	GlobalSection(ProjectConfigurationPlatforms) = postSolution
		{283CE0A0-3816-4207-8B38-08882F7C09A4}.Debug|Any CPU.ActiveCfg = Debug|Any CPU
		{283CE0A0-3816-4207-8B38-08882F7C09A4}.Debug|Any CPU.Build.0 = Debug|Any CPU
		{283CE0A0-3816-4207-8B38-08882F7C09A4}.Release|Any CPU.ActiveCfg = Release|Any CPU
		{283CE0A0-3816-4207-8B38-08882F7C09A4}.Release|Any CPU.Build.0 = Release|Any CPU
		{87F79A23-009D-4730-877B-DC5E9AC66A1F}.Debug|Any CPU.ActiveCfg = Debug|Any CPU
		{87F79A23-009D-4730-877B-DC5E9AC66A1F}.Debug|Any CPU.Build.0 = Debug|Any CPU
		{87F79A23-009D-4730-877B-DC5E9AC66A1F}.Release|Any CPU.ActiveCfg = Release|Any CPU
		{87F79A23-009D-4730-877B-DC5E9AC66A1F}.Release|Any CPU.Build.0 = Release|Any CPU
		{AEA4A304-827A-4F63-B701-802C88D263F8}.Debug|Any CPU.ActiveCfg = Debug|Any CPU
		{AEA4A304-827A-4F63-B701-802C88D263F8}.Debug|Any CPU.Build.0 = Debug|Any CPU
		{AEA4A304-827A-4F63-B701-802C88D263F8}.Release|Any CPU.ActiveCfg = Release|Any CPU
		{AEA4A304-827A-4F63-B701-802C88D263F8}.Release|Any CPU.Build.0 = Release|Any CPU
	EndGlobalSection
	GlobalSection(SolutionProperties) = preSolution
		HideSolutionNode = FALSE
	EndGlobalSection
EndGlobal
